// !$*UTF8*$!
{
	archiveVersion = 1;
	classes = {
	};
	objectVersion = 77;
	objects = {

/* Begin PBXBuildFile section */
		00359FB9E9DE941EF156F139 /* ShareInbox.swift in Sources */ = {isa = PBXBuildFile; fileRef = 6D63D1C99DCE26354839E087 /* ShareInbox.swift */; };
		0AAF8EEA58074547751EEC43 /* Supabase in Frameworks */ = {isa = PBXBuildFile; productRef = 5DAD7AC959363A673FBCE71F /* Supabase */; };
		133DCE5EDECF9D0EBDF48021 /* ShareViewController.swift in Sources */ = {isa = PBXBuildFile; fileRef = 42E1753C7AB2C9DF733D0949 /* ShareViewController.swift */; };
		1EE63485D72D0274C0E10C76 /* SignInView.swift in Sources */ = {isa = PBXBuildFile; fileRef = 023DA7E1571FE7A29A75E0D4 /* SignInView.swift */; };
		25519BEB845DB754928D2E88 /* ChatView.swift in Sources */ = {isa = PBXBuildFile; fileRef = 4A789C9796DC03236367E46C /* ChatView.swift */; };
		2A0789D7A14EFF4BDB2EC1F4 /* MemoryModels.swift in Sources */ = {isa = PBXBuildFile; fileRef = C4A2FF98078CA0ADFD72D2A1 /* MemoryModels.swift */; };
		3579780A21FA7E9ADCD3F8DC /* FileAuthLocalStorage.swift in Sources */ = {isa = PBXBuildFile; fileRef = C920DB7904417346CCB06900 /* FileAuthLocalStorage.swift */; };
		36AAB9E1F9848970EF9BEFA3 /* AtlasShareExtension.appex in Embed Foundation Extensions */ = {isa = PBXBuildFile; fileRef = 4EF2CFB412C174085D2FC25B /* AtlasShareExtension.appex */; settings = {ATTRIBUTES = (RemoveHeadersOnCopy, ); }; };
		3BFF9F643D1162FCDAD5E557 /* ContentView.swift in Sources */ = {isa = PBXBuildFile; fileRef = FA748FA518458563D7059A21 /* ContentView.swift */; };
		3D4CDBD9C67667E4E63AEACD /* LaunchCoordinator.swift in Sources */ = {isa = PBXBuildFile; fileRef = 72292D7BAA761DC3E5C6049D /* LaunchCoordinator.swift */; };
		53E270ED9B082DC1A8EB6312 /* TestAuthHelper.swift in Sources */ = {isa = PBXBuildFile; fileRef = 57646DBD25DF0B065F108C65 /* TestAuthHelper.swift */; };
		5950936661768C3B7F5552E7 /* SignInUITests.swift in Sources */ = {isa = PBXBuildFile; fileRef = 877B22C400EEF3A72A9627A1 /* SignInUITests.swift */; };
		599F1F1AF401BF069D36E779 /* MemoryUITests.swift in Sources */ = {isa = PBXBuildFile; fileRef = 4EF926BF674C58815BC67C51 /* MemoryUITests.swift */; };
		5C687DE685FA8C3E49CE6A44 /* AtlasWidgetBundle.swift in Sources */ = {isa = PBXBuildFile; fileRef = 157E1F5C33F998FB6F2A160D /* AtlasWidgetBundle.swift */; };
		5FFDB9502D61D02DF312BFB4 /* ReminderScheduler.swift in Sources */ = {isa = PBXBuildFile; fileRef = CD2B46260505F4E439640BC3 /* ReminderScheduler.swift */; };
		6483B9FC829AA4219F2E6E15 /* ChatModels.swift in Sources */ = {isa = PBXBuildFile; fileRef = D77CF17C36D83ADD21FD8A52 /* ChatModels.swift */; };
		654B65372B48D8EC7413AB02 /* AtlasWidget.appex in Embed Foundation Extensions */ = {isa = PBXBuildFile; fileRef = 8ED4F3E575257EFF453CA22B /* AtlasWidget.appex */; settings = {ATTRIBUTES = (RemoveHeadersOnCopy, ); }; };
		82430B1CC8F45C33E4B5F55A /* MemoryViewModel.swift in Sources */ = {isa = PBXBuildFile; fileRef = 74DD8013335D5E1088759611 /* MemoryViewModel.swift */; };
		861E5AE1973762D7590E4FEF /* ShareExtensionView.swift in Sources */ = {isa = PBXBuildFile; fileRef = 2516FB3E77C2AF5C01EE9204 /* ShareExtensionView.swift */; };
		898743BBB9B292EBE47E0478 /* AtlasUITests.swift in Sources */ = {isa = PBXBuildFile; fileRef = A8DF13257DDCAA13F34C37FA /* AtlasUITests.swift */; };
		97F64F47C99747F2D425C52B /* AtlasApp.swift in Sources */ = {isa = PBXBuildFile; fileRef = B039968FC134F8A1AC6E2337 /* AtlasApp.swift */; };
		9C3276BB79A969CBD57981EB /* NotificationPresenter.swift in Sources */ = {isa = PBXBuildFile; fileRef = 2E8DE4C3096647AE59D2F733 /* NotificationPresenter.swift */; };
		A5F168E8854C372A10F1303A /* AuthViewModel.swift in Sources */ = {isa = PBXBuildFile; fileRef = 09B9D812FF21580247845CBD /* AuthViewModel.swift */; };
		B8E8186D0D6C356CC6337974 /* SupabaseConfig.swift in Sources */ = {isa = PBXBuildFile; fileRef = ABE480194C91D5CDD9734CEF /* SupabaseConfig.swift */; };
		B95350E1FFFDCD6C58B90F60 /* CalendarWriter.swift in Sources */ = {isa = PBXBuildFile; fileRef = 75745AACE7497EB99A6E904F /* CalendarWriter.swift */; };
		C507201E9ECD7E420555BB28 /* MemoryView.swift in Sources */ = {isa = PBXBuildFile; fileRef = 687FC4CC788FFD568159CECB /* MemoryView.swift */; };
		C9377FE7F5510A57881A031A /* VoiceChatUITests.swift in Sources */ = {isa = PBXBuildFile; fileRef = 88CD4BBD838E4438E32B8DD5 /* VoiceChatUITests.swift */; };
		CD7CBBAEC16045AB0E3D1C05 /* ExtractionViewModel.swift in Sources */ = {isa = PBXBuildFile; fileRef = 7B0F3BCCDEA6B5102950E50B /* ExtractionViewModel.swift */; };
		D0FE94C1165FCCCE4B5B880B /* LiveKit in Frameworks */ = {isa = PBXBuildFile; productRef = 78F5A19C47D5D5A0EA3BE8E6 /* LiveKit */; };
		D194A18372CE9E0BDD2525D1 /* HealthChecker.swift in Sources */ = {isa = PBXBuildFile; fileRef = 8C8B66E4E4959258732F50C2 /* HealthChecker.swift */; };
		E0125527A7DB1EDA55DD38EF /* ChatUITests.swift in Sources */ = {isa = PBXBuildFile; fileRef = F9BF2B21B444A128C8CC7794 /* ChatUITests.swift */; };
		E53365C9F66B94B13A2FD9B2 /* Models.swift in Sources */ = {isa = PBXBuildFile; fileRef = 27F1CCC6F07DC94BF9D6C509 /* Models.swift */; };
		EC951CE1C805C1E4F64718AC /* PasteInputView.swift in Sources */ = {isa = PBXBuildFile; fileRef = 6E6818C4CB4B99F23DE4A307 /* PasteInputView.swift */; };
		EE32D4D3D13BC01CC8408F91 /* ChatViewModel.swift in Sources */ = {isa = PBXBuildFile; fileRef = AC100B21D569D37FFC658993 /* ChatViewModel.swift */; };
		F80092297A4D3EEFF392BACD /* VoiceTranscriptionService.swift in Sources */ = {isa = PBXBuildFile; fileRef = 610262D5E9B5E11EE2287D0B /* VoiceTranscriptionService.swift */; };
		F8C95BFBCF8B3E18077FE3E6 /* AtlasVoiceWidget.swift in Sources */ = {isa = PBXBuildFile; fileRef = DC2B294401E020FE2E43D0AE /* AtlasVoiceWidget.swift */; };
		FEA668EC28F150BC53E5EAF8 /* VoiceSessionController.swift in Sources */ = {isa = PBXBuildFile; fileRef = DA74804FA676814B7CA1E7AF /* VoiceSessionController.swift */; };
/* End PBXBuildFile section */

/* Begin PBXContainerItemProxy section */
		A0F9B04AE03E840CCF27A103 /* PBXContainerItemProxy */ = {
			isa = PBXContainerItemProxy;
			containerPortal = 43D55555CA7BCC7C87E44A39 /* Project object */;
			proxyType = 1;
			remoteGlobalIDString = 0E5E9C2F23538AC927F8B9D1;
			remoteInfo = AtlasWidget;
		};
		A32F5205A2EC7FD2910DFC6E /* PBXContainerItemProxy */ = {
			isa = PBXContainerItemProxy;
			containerPortal = 43D55555CA7BCC7C87E44A39 /* Project object */;
			proxyType = 1;
			remoteGlobalIDString = D9C77267C523C31579F759DF;
			remoteInfo = AtlasShareExtension;
		};
		C2E77E519FBA0DD1DD5B29BF /* PBXContainerItemProxy */ = {
			isa = PBXContainerItemProxy;
			containerPortal = 43D55555CA7BCC7C87E44A39 /* Project object */;
			proxyType = 1;
			remoteGlobalIDString = BEE0910772920D84B133CC47;
			remoteInfo = Atlas;
		};
/* End PBXContainerItemProxy section */

/* Begin PBXCopyFilesBuildPhase section */
		86DB789F949E53C846CB6D28 /* Embed Foundation Extensions */ = {
			isa = PBXCopyFilesBuildPhase;
			buildActionMask = 2147483647;
			dstPath = "";
			dstSubfolderSpec = 13;
			files = (
				36AAB9E1F9848970EF9BEFA3 /* AtlasShareExtension.appex in Embed Foundation Extensions */,
				654B65372B48D8EC7413AB02 /* AtlasWidget.appex in Embed Foundation Extensions */,
			);
			name = "Embed Foundation Extensions";
			runOnlyForDeploymentPostprocessing = 0;
		};
/* End PBXCopyFilesBuildPhase section */

/* Begin PBXFileReference section */
		023DA7E1571FE7A29A75E0D4 /* SignInView.swift */ = {isa = PBXFileReference; lastKnownFileType = sourcecode.swift; path = SignInView.swift; sourceTree = "<group>"; };
		09B9D812FF21580247845CBD /* AuthViewModel.swift */ = {isa = PBXFileReference; lastKnownFileType = sourcecode.swift; path = AuthViewModel.swift; sourceTree = "<group>"; };
		157E1F5C33F998FB6F2A160D /* AtlasWidgetBundle.swift */ = {isa = PBXFileReference; lastKnownFileType = sourcecode.swift; path = AtlasWidgetBundle.swift; sourceTree = "<group>"; };
		2516FB3E77C2AF5C01EE9204 /* ShareExtensionView.swift */ = {isa = PBXFileReference; lastKnownFileType = sourcecode.swift; path = ShareExtensionView.swift; sourceTree = "<group>"; };
		27F1CCC6F07DC94BF9D6C509 /* Models.swift */ = {isa = PBXFileReference; lastKnownFileType = sourcecode.swift; path = Models.swift; sourceTree = "<group>"; };
		2E8DE4C3096647AE59D2F733 /* NotificationPresenter.swift */ = {isa = PBXFileReference; lastKnownFileType = sourcecode.swift; path = NotificationPresenter.swift; sourceTree = "<group>"; };
		413A56C9FFE04C7BBD65B964 /* Atlas.app */ = {isa = PBXFileReference; includeInIndex = 0; lastKnownFileType = wrapper.application; path = Atlas.app; sourceTree = BUILT_PRODUCTS_DIR; };
		42E1753C7AB2C9DF733D0949 /* ShareViewController.swift */ = {isa = PBXFileReference; lastKnownFileType = sourcecode.swift; path = ShareViewController.swift; sourceTree = "<group>"; };
		4A789C9796DC03236367E46C /* ChatView.swift */ = {isa = PBXFileReference; lastKnownFileType = sourcecode.swift; path = ChatView.swift; sourceTree = "<group>"; };
		4EF2CFB412C174085D2FC25B /* AtlasShareExtension.appex */ = {isa = PBXFileReference; includeInIndex = 0; lastKnownFileType = "wrapper.app-extension"; path = AtlasShareExtension.appex; sourceTree = BUILT_PRODUCTS_DIR; };
		4EF926BF674C58815BC67C51 /* MemoryUITests.swift */ = {isa = PBXFileReference; lastKnownFileType = sourcecode.swift; path = MemoryUITests.swift; sourceTree = "<group>"; };
		57646DBD25DF0B065F108C65 /* TestAuthHelper.swift */ = {isa = PBXFileReference; lastKnownFileType = sourcecode.swift; path = TestAuthHelper.swift; sourceTree = "<group>"; };
		610262D5E9B5E11EE2287D0B /* VoiceTranscriptionService.swift */ = {isa = PBXFileReference; lastKnownFileType = sourcecode.swift; path = VoiceTranscriptionService.swift; sourceTree = "<group>"; };
		687FC4CC788FFD568159CECB /* MemoryView.swift */ = {isa = PBXFileReference; lastKnownFileType = sourcecode.swift; path = MemoryView.swift; sourceTree = "<group>"; };
		6D63D1C99DCE26354839E087 /* ShareInbox.swift */ = {isa = PBXFileReference; lastKnownFileType = sourcecode.swift; path = ShareInbox.swift; sourceTree = "<group>"; };
		6DBB2D8DA3BA7AA013C6D346 /* Info.plist */ = {isa = PBXFileReference; lastKnownFileType = text.plist; path = Info.plist; sourceTree = "<group>"; };
		6E6818C4CB4B99F23DE4A307 /* PasteInputView.swift */ = {isa = PBXFileReference; lastKnownFileType = sourcecode.swift; path = PasteInputView.swift; sourceTree = "<group>"; };
		72292D7BAA761DC3E5C6049D /* LaunchCoordinator.swift */ = {isa = PBXFileReference; lastKnownFileType = sourcecode.swift; path = LaunchCoordinator.swift; sourceTree = "<group>"; };
		74DD8013335D5E1088759611 /* MemoryViewModel.swift */ = {isa = PBXFileReference; lastKnownFileType = sourcecode.swift; path = MemoryViewModel.swift; sourceTree = "<group>"; };
		75745AACE7497EB99A6E904F /* CalendarWriter.swift */ = {isa = PBXFileReference; lastKnownFileType = sourcecode.swift; path = CalendarWriter.swift; sourceTree = "<group>"; };
		7B0F3BCCDEA6B5102950E50B /* ExtractionViewModel.swift */ = {isa = PBXFileReference; lastKnownFileType = sourcecode.swift; path = ExtractionViewModel.swift; sourceTree = "<group>"; };
		7D8838F2A74C47CDECF65FB1 /* Info.plist */ = {isa = PBXFileReference; lastKnownFileType = text.plist; path = Info.plist; sourceTree = "<group>"; };
		877B22C400EEF3A72A9627A1 /* SignInUITests.swift */ = {isa = PBXFileReference; lastKnownFileType = sourcecode.swift; path = SignInUITests.swift; sourceTree = "<group>"; };
		88CD4BBD838E4438E32B8DD5 /* VoiceChatUITests.swift */ = {isa = PBXFileReference; lastKnownFileType = sourcecode.swift; path = VoiceChatUITests.swift; sourceTree = "<group>"; };
		8C8B66E4E4959258732F50C2 /* HealthChecker.swift */ = {isa = PBXFileReference; lastKnownFileType = sourcecode.swift; path = HealthChecker.swift; sourceTree = "<group>"; };
		8ED4F3E575257EFF453CA22B /* AtlasWidget.appex */ = {isa = PBXFileReference; includeInIndex = 0; lastKnownFileType = "wrapper.app-extension"; path = AtlasWidget.appex; sourceTree = BUILT_PRODUCTS_DIR; };
		A8DF13257DDCAA13F34C37FA /* AtlasUITests.swift */ = {isa = PBXFileReference; lastKnownFileType = sourcecode.swift; path = AtlasUITests.swift; sourceTree = "<group>"; };
		ABE480194C91D5CDD9734CEF /* SupabaseConfig.swift */ = {isa = PBXFileReference; lastKnownFileType = sourcecode.swift; path = SupabaseConfig.swift; sourceTree = "<group>"; };
		AC100B21D569D37FFC658993 /* ChatViewModel.swift */ = {isa = PBXFileReference; lastKnownFileType = sourcecode.swift; path = ChatViewModel.swift; sourceTree = "<group>"; };
		B039968FC134F8A1AC6E2337 /* AtlasApp.swift */ = {isa = PBXFileReference; lastKnownFileType = sourcecode.swift; path = AtlasApp.swift; sourceTree = "<group>"; };
		C46DFF7D27408F7CD27FB8C0 /* Info.plist */ = {isa = PBXFileReference; lastKnownFileType = text.plist; path = Info.plist; sourceTree = "<group>"; };
		C4A2FF98078CA0ADFD72D2A1 /* MemoryModels.swift */ = {isa = PBXFileReference; lastKnownFileType = sourcecode.swift; path = MemoryModels.swift; sourceTree = "<group>"; };
		C920DB7904417346CCB06900 /* FileAuthLocalStorage.swift */ = {isa = PBXFileReference; lastKnownFileType = sourcecode.swift; path = FileAuthLocalStorage.swift; sourceTree = "<group>"; };
		CD2B46260505F4E439640BC3 /* ReminderScheduler.swift */ = {isa = PBXFileReference; lastKnownFileType = sourcecode.swift; path = ReminderScheduler.swift; sourceTree = "<group>"; };
		D22F876F1DE9D1ABBCA827F0 /* AtlasUITests.xctest */ = {isa = PBXFileReference; includeInIndex = 0; lastKnownFileType = wrapper.cfbundle; path = AtlasUITests.xctest; sourceTree = BUILT_PRODUCTS_DIR; };
		D77CF17C36D83ADD21FD8A52 /* ChatModels.swift */ = {isa = PBXFileReference; lastKnownFileType = sourcecode.swift; path = ChatModels.swift; sourceTree = "<group>"; };
		DA74804FA676814B7CA1E7AF /* VoiceSessionController.swift */ = {isa = PBXFileReference; lastKnownFileType = sourcecode.swift; path = VoiceSessionController.swift; sourceTree = "<group>"; };
		DC2B294401E020FE2E43D0AE /* AtlasVoiceWidget.swift */ = {isa = PBXFileReference; lastKnownFileType = sourcecode.swift; path = AtlasVoiceWidget.swift; sourceTree = "<group>"; };
		F9BF2B21B444A128C8CC7794 /* ChatUITests.swift */ = {isa = PBXFileReference; lastKnownFileType = sourcecode.swift; path = ChatUITests.swift; sourceTree = "<group>"; };
		FA748FA518458563D7059A21 /* ContentView.swift */ = {isa = PBXFileReference; lastKnownFileType = sourcecode.swift; path = ContentView.swift; sourceTree = "<group>"; };
/* End PBXFileReference section */

/* Begin PBXFrameworksBuildPhase section */
		3089F3CC24F02E74734F05DE /* Frameworks */ = {
			isa = PBXFrameworksBuildPhase;
			buildActionMask = 2147483647;
			files = (
				0AAF8EEA58074547751EEC43 /* Supabase in Frameworks */,
				D0FE94C1165FCCCE4B5B880B /* LiveKit in Frameworks */,
			);
			runOnlyForDeploymentPostprocessing = 0;
		};
/* End PBXFrameworksBuildPhase section */

/* Begin PBXGroup section */
		022765E89C79B0BDF64FAD82 /* AtlasUITests */ = {
			isa = PBXGroup;
			children = (
				A8DF13257DDCAA13F34C37FA /* AtlasUITests.swift */,
				F9BF2B21B444A128C8CC7794 /* ChatUITests.swift */,
				4EF926BF674C58815BC67C51 /* MemoryUITests.swift */,
				877B22C400EEF3A72A9627A1 /* SignInUITests.swift */,
				57646DBD25DF0B065F108C65 /* TestAuthHelper.swift */,
				88CD4BBD838E4438E32B8DD5 /* VoiceChatUITests.swift */,
			);
			path = AtlasUITests;
			sourceTree = "<group>";
		};
		071B3FB99E139970DF18CBA2 /* Atlas */ = {
			isa = PBXGroup;
			children = (
				B039968FC134F8A1AC6E2337 /* AtlasApp.swift */,
				09B9D812FF21580247845CBD /* AuthViewModel.swift */,
				75745AACE7497EB99A6E904F /* CalendarWriter.swift */,
				D77CF17C36D83ADD21FD8A52 /* ChatModels.swift */,
				4A789C9796DC03236367E46C /* ChatView.swift */,
				AC100B21D569D37FFC658993 /* ChatViewModel.swift */,
				FA748FA518458563D7059A21 /* ContentView.swift */,
				7B0F3BCCDEA6B5102950E50B /* ExtractionViewModel.swift */,
				C920DB7904417346CCB06900 /* FileAuthLocalStorage.swift */,
				8C8B66E4E4959258732F50C2 /* HealthChecker.swift */,
				6DBB2D8DA3BA7AA013C6D346 /* Info.plist */,
				72292D7BAA761DC3E5C6049D /* LaunchCoordinator.swift */,
				C4A2FF98078CA0ADFD72D2A1 /* MemoryModels.swift */,
				687FC4CC788FFD568159CECB /* MemoryView.swift */,
				74DD8013335D5E1088759611 /* MemoryViewModel.swift */,
				27F1CCC6F07DC94BF9D6C509 /* Models.swift */,
				2E8DE4C3096647AE59D2F733 /* NotificationPresenter.swift */,
				6E6818C4CB4B99F23DE4A307 /* PasteInputView.swift */,
				CD2B46260505F4E439640BC3 /* ReminderScheduler.swift */,
				6D63D1C99DCE26354839E087 /* ShareInbox.swift */,
				023DA7E1571FE7A29A75E0D4 /* SignInView.swift */,
				ABE480194C91D5CDD9734CEF /* SupabaseConfig.swift */,
				DA74804FA676814B7CA1E7AF /* VoiceSessionController.swift */,
				610262D5E9B5E11EE2287D0B /* VoiceTranscriptionService.swift */,
			);
			path = Atlas;
			sourceTree = "<group>";
		};
		08BE656E8015451E8B9DE622 /* AtlasShareExtension */ = {
			isa = PBXGroup;
			children = (
				7D8838F2A74C47CDECF65FB1 /* Info.plist */,
				2516FB3E77C2AF5C01EE9204 /* ShareExtensionView.swift */,
				42E1753C7AB2C9DF733D0949 /* ShareViewController.swift */,
			);
			path = AtlasShareExtension;
			sourceTree = "<group>";
		};
		70A20106B8807AFCC4851B2C = {
			isa = PBXGroup;
			children = (
				071B3FB99E139970DF18CBA2 /* Atlas */,
				08BE656E8015451E8B9DE622 /* AtlasShareExtension */,
				022765E89C79B0BDF64FAD82 /* AtlasUITests */,
				817CD939E900F99C7F912848 /* AtlasWidget */,
				8BC05A2DCB0F814BEC46CBFF /* Products */,
			);
			sourceTree = "<group>";
		};
		817CD939E900F99C7F912848 /* AtlasWidget */ = {
			isa = PBXGroup;
			children = (
				DC2B294401E020FE2E43D0AE /* AtlasVoiceWidget.swift */,
				157E1F5C33F998FB6F2A160D /* AtlasWidgetBundle.swift */,
				C46DFF7D27408F7CD27FB8C0 /* Info.plist */,
			);
			path = AtlasWidget;
			sourceTree = "<group>";
		};
		8BC05A2DCB0F814BEC46CBFF /* Products */ = {
			isa = PBXGroup;
			children = (
				413A56C9FFE04C7BBD65B964 /* Atlas.app */,
				4EF2CFB412C174085D2FC25B /* AtlasShareExtension.appex */,
				D22F876F1DE9D1ABBCA827F0 /* AtlasUITests.xctest */,
				8ED4F3E575257EFF453CA22B /* AtlasWidget.appex */,
			);
			name = Products;
			sourceTree = "<group>";
		};
/* End PBXGroup section */

/* Begin PBXNativeTarget section */
		0E5E9C2F23538AC927F8B9D1 /* AtlasWidget */ = {
			isa = PBXNativeTarget;
			buildConfigurationList = F8377F7D537D8D809C19813B /* Build configuration list for PBXNativeTarget "AtlasWidget" */;
			buildPhases = (
				9CA0A2C23B9696F8EDD7DE2B /* Sources */,
			);
			buildRules = (
			);
			dependencies = (
			);
			name = AtlasWidget;
			packageProductDependencies = (
			);
			productName = AtlasWidget;
			productReference = 8ED4F3E575257EFF453CA22B /* AtlasWidget.appex */;
			productType = "com.apple.product-type.app-extension";
		};
		BEE0910772920D84B133CC47 /* Atlas */ = {
			isa = PBXNativeTarget;
			buildConfigurationList = 22181CD7CED82AE7DBD59B1A /* Build configuration list for PBXNativeTarget "Atlas" */;
			buildPhases = (
				5F00E980EC462CB5A8421B1C /* Sources */,
				3089F3CC24F02E74734F05DE /* Frameworks */,
				86DB789F949E53C846CB6D28 /* Embed Foundation Extensions */,
			);
			buildRules = (
			);
			dependencies = (
				51246FC3F23BD32083158DFC /* PBXTargetDependency */,
				39C589942E311693AE895270 /* PBXTargetDependency */,
			);
			name = Atlas;
			packageProductDependencies = (
				5DAD7AC959363A673FBCE71F /* Supabase */,
				78F5A19C47D5D5A0EA3BE8E6 /* LiveKit */,
			);
			productName = Atlas;
			productReference = 413A56C9FFE04C7BBD65B964 /* Atlas.app */;
			productType = "com.apple.product-type.application";
		};
		D9C77267C523C31579F759DF /* AtlasShareExtension */ = {
			isa = PBXNativeTarget;
			buildConfigurationList = 11F8FDF1CD2471C0537E991C /* Build configuration list for PBXNativeTarget "AtlasShareExtension" */;
			buildPhases = (
				073BAF6DAB413A39F9250C94 /* Sources */,
			);
			buildRules = (
			);
			dependencies = (
			);
			name = AtlasShareExtension;
			packageProductDependencies = (
			);
			productName = AtlasShareExtension;
			productReference = 4EF2CFB412C174085D2FC25B /* AtlasShareExtension.appex */;
			productType = "com.apple.product-type.app-extension";
		};
		DF91EF7465771BFBBB2DA9AE /* AtlasUITests */ = {
			isa = PBXNativeTarget;
			buildConfigurationList = F38F27BF1E4BFCDD6227F3F5 /* Build configuration list for PBXNativeTarget "AtlasUITests" */;
			buildPhases = (
				A8E243DF59F31906C10F2FA8 /* Sources */,
			);
			buildRules = (
			);
			dependencies = (
				56C89530713A22066DFF62CF /* PBXTargetDependency */,
			);
			name = AtlasUITests;
			packageProductDependencies = (
			);
			productName = AtlasUITests;
			productReference = D22F876F1DE9D1ABBCA827F0 /* AtlasUITests.xctest */;
			productType = "com.apple.product-type.bundle.ui-testing";
		};
/* End PBXNativeTarget section */

/* Begin PBXProject section */
		43D55555CA7BCC7C87E44A39 /* Project object */ = {
			isa = PBXProject;
			attributes = {
				BuildIndependentTargetsInParallel = YES;
				LastUpgradeCheck = 1430;
				TargetAttributes = {
					0E5E9C2F23538AC927F8B9D1 = {
						DevelopmentTeam = 893CXP2LVF;
						ProvisioningStyle = Automatic;
					};
					BEE0910772920D84B133CC47 = {
						DevelopmentTeam = 893CXP2LVF;
						ProvisioningStyle = Automatic;
					};
					D9C77267C523C31579F759DF = {
						DevelopmentTeam = 893CXP2LVF;
						ProvisioningStyle = Automatic;
					};
					DF91EF7465771BFBBB2DA9AE = {
						DevelopmentTeam = 893CXP2LVF;
						ProvisioningStyle = Automatic;
						TestTargetID = BEE0910772920D84B133CC47;
					};
				};
			};
			buildConfigurationList = 7EC0B782DE33925870958060 /* Build configuration list for PBXProject "Atlas" */;
			developmentRegion = en;
			hasScannedForEncodings = 0;
			knownRegions = (
				Base,
				en,
			);
			mainGroup = 70A20106B8807AFCC4851B2C;
			minimizedProjectReferenceProxies = 1;
			packageReferences = (
				531E24809D83DC21127BCFCD /* XCRemoteSwiftPackageReference "client-sdk-swift" */,
				683870896C03831D5F3D2B0E /* XCRemoteSwiftPackageReference "supabase-swift" */,
			);
			preferredProjectObjectVersion = 77;
			productRefGroup = 8BC05A2DCB0F814BEC46CBFF /* Products */;
			projectDirPath = "";
			projectRoot = "";
			targets = (
				BEE0910772920D84B133CC47 /* Atlas */,
				D9C77267C523C31579F759DF /* AtlasShareExtension */,
				0E5E9C2F23538AC927F8B9D1 /* AtlasWidget */,
				DF91EF7465771BFBBB2DA9AE /* AtlasUITests */,
			);
		};
/* End PBXProject section */

/* Begin PBXSourcesBuildPhase section */
		073BAF6DAB413A39F9250C94 /* Sources */ = {
			isa = PBXSourcesBuildPhase;
			buildActionMask = 2147483647;
			files = (
				861E5AE1973762D7590E4FEF /* ShareExtensionView.swift in Sources */,
				133DCE5EDECF9D0EBDF48021 /* ShareViewController.swift in Sources */,
			);
			runOnlyForDeploymentPostprocessing = 0;
		};
		5F00E980EC462CB5A8421B1C /* Sources */ = {
			isa = PBXSourcesBuildPhase;
			buildActionMask = 2147483647;
			files = (
				97F64F47C99747F2D425C52B /* AtlasApp.swift in Sources */,
				A5F168E8854C372A10F1303A /* AuthViewModel.swift in Sources */,
				B95350E1FFFDCD6C58B90F60 /* CalendarWriter.swift in Sources */,
				6483B9FC829AA4219F2E6E15 /* ChatModels.swift in Sources */,
				25519BEB845DB754928D2E88 /* ChatView.swift in Sources */,
				EE32D4D3D13BC01CC8408F91 /* ChatViewModel.swift in Sources */,
				3BFF9F643D1162FCDAD5E557 /* ContentView.swift in Sources */,
				CD7CBBAEC16045AB0E3D1C05 /* ExtractionViewModel.swift in Sources */,
				3579780A21FA7E9ADCD3F8DC /* FileAuthLocalStorage.swift in Sources */,
				D194A18372CE9E0BDD2525D1 /* HealthChecker.swift in Sources */,
				3D4CDBD9C67667E4E63AEACD /* LaunchCoordinator.swift in Sources */,
				2A0789D7A14EFF4BDB2EC1F4 /* MemoryModels.swift in Sources */,
				C507201E9ECD7E420555BB28 /* MemoryView.swift in Sources */,
				82430B1CC8F45C33E4B5F55A /* MemoryViewModel.swift in Sources */,
				E53365C9F66B94B13A2FD9B2 /* Models.swift in Sources */,
				9C3276BB79A969CBD57981EB /* NotificationPresenter.swift in Sources */,
				EC951CE1C805C1E4F64718AC /* PasteInputView.swift in Sources */,
				5FFDB9502D61D02DF312BFB4 /* ReminderScheduler.swift in Sources */,
				00359FB9E9DE941EF156F139 /* ShareInbox.swift in Sources */,
				1EE63485D72D0274C0E10C76 /* SignInView.swift in Sources */,
				B8E8186D0D6C356CC6337974 /* SupabaseConfig.swift in Sources */,
				FEA668EC28F150BC53E5EAF8 /* VoiceSessionController.swift in Sources */,
				F80092297A4D3EEFF392BACD /* VoiceTranscriptionService.swift in Sources */,
			);
			runOnlyForDeploymentPostprocessing = 0;
		};
		9CA0A2C23B9696F8EDD7DE2B /* Sources */ = {
			isa = PBXSourcesBuildPhase;
			buildActionMask = 2147483647;
			files = (
				F8C95BFBCF8B3E18077FE3E6 /* AtlasVoiceWidget.swift in Sources */,
				5C687DE685FA8C3E49CE6A44 /* AtlasWidgetBundle.swift in Sources */,
			);
			runOnlyForDeploymentPostprocessing = 0;
		};
		A8E243DF59F31906C10F2FA8 /* Sources */ = {
			isa = PBXSourcesBuildPhase;
			buildActionMask = 2147483647;
			files = (
				898743BBB9B292EBE47E0478 /* AtlasUITests.swift in Sources */,
				E0125527A7DB1EDA55DD38EF /* ChatUITests.swift in Sources */,
				599F1F1AF401BF069D36E779 /* MemoryUITests.swift in Sources */,
				5950936661768C3B7F5552E7 /* SignInUITests.swift in Sources */,
				53E270ED9B082DC1A8EB6312 /* TestAuthHelper.swift in Sources */,
				C9377FE7F5510A57881A031A /* VoiceChatUITests.swift in Sources */,
			);
			runOnlyForDeploymentPostprocessing = 0;
		};
/* End PBXSourcesBuildPhase section */

/* Begin PBXTargetDependency section */
		39C589942E311693AE895270 /* PBXTargetDependency */ = {
			isa = PBXTargetDependency;
			target = 0E5E9C2F23538AC927F8B9D1 /* AtlasWidget */;
			targetProxy = A0F9B04AE03E840CCF27A103 /* PBXContainerItemProxy */;
		};
		51246FC3F23BD32083158DFC /* PBXTargetDependency */ = {
			isa = PBXTargetDependency;
			target = D9C77267C523C31579F759DF /* AtlasShareExtension */;
			targetProxy = A32F5205A2EC7FD2910DFC6E /* PBXContainerItemProxy */;
		};
		56C89530713A22066DFF62CF /* PBXTargetDependency */ = {
			isa = PBXTargetDependency;
			target = BEE0910772920D84B133CC47 /* Atlas */;
			targetProxy = C2E77E519FBA0DD1DD5B29BF /* PBXContainerItemProxy */;
		};
/* End PBXTargetDependency section */

/* Begin XCBuildConfiguration section */
		0357C3208ED930145396B664 /* Release */ = {
			isa = XCBuildConfiguration;
			buildSettings = {
				ASSETCATALOG_COMPILER_APPICON_NAME = AppIcon;
				CODE_SIGN_IDENTITY = "iPhone Developer";
				CODE_SIGN_STYLE = Automatic;
				INFOPLIST_FILE = Atlas/Info.plist;
				IPHONEOS_DEPLOYMENT_TARGET = 26.0;
				LD_RUNPATH_SEARCH_PATHS = (
					"$(inherited)",
					"@executable_path/Frameworks",
				);
				PRODUCT_BUNDLE_IDENTIFIER = com.p1tan.atlas;
				SDKROOT = iphoneos;
				SWIFT_VERSION = 5.0;
				TARGETED_DEVICE_FAMILY = 1;
			};
			name = Release;
		};
		12D79E06C06310D0BA9243EE /* Debug */ = {
			isa = XCBuildConfiguration;
			buildSettings = {
				CODE_SIGN_STYLE = Automatic;
				INFOPLIST_FILE = AtlasWidget/Info.plist;
				IPHONEOS_DEPLOYMENT_TARGET = 26.0;
				LD_RUNPATH_SEARCH_PATHS = (
					"$(inherited)",
					"@executable_path/Frameworks",
					"@executable_path/../../Frameworks",
				);
				PRODUCT_BUNDLE_IDENTIFIER = com.p1tan.atlas.widget;
				SDKROOT = iphoneos;
				SKIP_INSTALL = YES;
				SWIFT_VERSION = 5.0;
				TARGETED_DEVICE_FAMILY = 1;
			};
			name = Debug;
		};
		2A2A02DDB13034AFD82A6C11 /* Release */ = {
			isa = XCBuildConfiguration;
			buildSettings = {
				BUNDLE_LOADER = "$(TEST_HOST)";
				CODE_SIGN_STYLE = Automatic;
				GENERATE_INFOPLIST_FILE = YES;
				IPHONEOS_DEPLOYMENT_TARGET = 26.0;
				LD_RUNPATH_SEARCH_PATHS = (
					"$(inherited)",
					"@executable_path/Frameworks",
					"@loader_path/Frameworks",
				);
				PRODUCT_BUNDLE_IDENTIFIER = com.p1tan.atlas.uitests;
				SDKROOT = iphoneos;
				SWIFT_VERSION = 5.0;
				TARGETED_DEVICE_FAMILY = "1,2";
				TEST_TARGET_NAME = Atlas;
			};
			name = Release;
		};
		6C075FD071D9C4DB3D554A55 /* Release */ = {
			isa = XCBuildConfiguration;
			buildSettings = {
				ALWAYS_SEARCH_USER_PATHS = NO;
				CLANG_ANALYZER_NONNULL = YES;
				CLANG_ANALYZER_NUMBER_OBJECT_CONVERSION = YES_AGGRESSIVE;
				CLANG_CXX_LANGUAGE_STANDARD = "gnu++14";
				CLANG_CXX_LIBRARY = "libc++";
				CLANG_ENABLE_MODULES = YES;
				CLANG_ENABLE_OBJC_ARC = YES;
				CLANG_ENABLE_OBJC_WEAK = YES;
				CLANG_WARN_BLOCK_CAPTURE_AUTORELEASING = YES;
				CLANG_WARN_BOOL_CONVERSION = YES;
				CLANG_WARN_COMMA = YES;
				CLANG_WARN_CONSTANT_CONVERSION = YES;
				CLANG_WARN_DEPRECATED_OBJC_IMPLEMENTATIONS = YES;
				CLANG_WARN_DIRECT_OBJC_ISA_USAGE = YES_ERROR;
				CLANG_WARN_DOCUMENTATION_COMMENTS = YES;
				CLANG_WARN_EMPTY_BODY = YES;
				CLANG_WARN_ENUM_CONVERSION = YES;
				CLANG_WARN_INFINITE_RECURSION = YES;
				CLANG_WARN_INT_CONVERSION = YES;
				CLANG_WARN_NON_LITERAL_NULL_CONVERSION = YES;
				CLANG_WARN_OBJC_IMPLICIT_RETAIN_SELF = YES;
				CLANG_WARN_OBJC_LITERAL_CONVERSION = YES;
				CLANG_WARN_OBJC_ROOT_CLASS = YES_ERROR;
				CLANG_WARN_QUOTED_INCLUDE_IN_FRAMEWORK_HEADER = YES;
				CLANG_WARN_RANGE_LOOP_ANALYSIS = YES;
				CLANG_WARN_STRICT_PROTOTYPES = YES;
				CLANG_WARN_SUSPICIOUS_MOVE = YES;
				CLANG_WARN_UNGUARDED_AVAILABILITY = YES_AGGRESSIVE;
				CLANG_WARN_UNREACHABLE_CODE = YES;
				CLANG_WARN__DUPLICATE_METHOD_MATCH = YES;
				COPY_PHASE_STRIP = NO;
				DEBUG_INFORMATION_FORMAT = "dwarf-with-dsym";
				DEVELOPMENT_TEAM = 893CXP2LVF;
				ENABLE_NS_ASSERTIONS = NO;
				ENABLE_STRICT_OBJC_MSGSEND = YES;
				GCC_C_LANGUAGE_STANDARD = gnu11;
				GCC_NO_COMMON_BLOCKS = YES;
				GCC_WARN_64_TO_32_BIT_CONVERSION = YES;
				GCC_WARN_ABOUT_RETURN_TYPE = YES_ERROR;
				GCC_WARN_UNDECLARED_SELECTOR = YES;
				GCC_WARN_UNINITIALIZED_AUTOS = YES_AGGRESSIVE;
				GCC_WARN_UNUSED_FUNCTION = YES;
				GCC_WARN_UNUSED_VARIABLE = YES;
				IPHONEOS_DEPLOYMENT_TARGET = 26.0;
				MTL_ENABLE_DEBUG_INFO = NO;
				MTL_FAST_MATH = YES;
				PRODUCT_NAME = "$(TARGET_NAME)";
				SDKROOT = iphoneos;
				SWIFT_COMPILATION_MODE = wholemodule;
				SWIFT_OPTIMIZATION_LEVEL = "-O";
				SWIFT_VERSION = 5.0;
			};
			name = Release;
		};
		6ED4A310DCC6E73BF7EFA6CC /* Release */ = {
			isa = XCBuildConfiguration;
			buildSettings = {
				CODE_SIGN_STYLE = Automatic;
				INFOPLIST_FILE = AtlasWidget/Info.plist;
				IPHONEOS_DEPLOYMENT_TARGET = 26.0;
				LD_RUNPATH_SEARCH_PATHS = (
					"$(inherited)",
					"@executable_path/Frameworks",
					"@executable_path/../../Frameworks",
				);
				PRODUCT_BUNDLE_IDENTIFIER = com.p1tan.atlas.widget;
				SDKROOT = iphoneos;
				SKIP_INSTALL = YES;
				SWIFT_VERSION = 5.0;
				TARGETED_DEVICE_FAMILY = 1;
			};
			name = Release;
		};
		804FE0C9BF065A009759B8FF /* Debug */ = {
			isa = XCBuildConfiguration;
			buildSettings = {
				ASSETCATALOG_COMPILER_APPICON_NAME = AppIcon;
				CODE_SIGN_IDENTITY = "iPhone Developer";
				CODE_SIGN_STYLE = Automatic;
				INFOPLIST_FILE = Atlas/Info.plist;
				IPHONEOS_DEPLOYMENT_TARGET = 26.0;
				LD_RUNPATH_SEARCH_PATHS = (
					"$(inherited)",
					"@executable_path/Frameworks",
				);
				PRODUCT_BUNDLE_IDENTIFIER = com.p1tan.atlas;
				SDKROOT = iphoneos;
				SWIFT_VERSION = 5.0;
				TARGETED_DEVICE_FAMILY = 1;
			};
			name = Debug;
		};
		8D21ED53AFB54A8F40E5E443 /* Debug */ = {
			isa = XCBuildConfiguration;
			buildSettings = {
				ALWAYS_SEARCH_USER_PATHS = NO;
				CLANG_ANALYZER_NONNULL = YES;
				CLANG_ANALYZER_NUMBER_OBJECT_CONVERSION = YES_AGGRESSIVE;
				CLANG_CXX_LANGUAGE_STANDARD = "gnu++14";
				CLANG_CXX_LIBRARY = "libc++";
				CLANG_ENABLE_MODULES = YES;
				CLANG_ENABLE_OBJC_ARC = YES;
				CLANG_ENABLE_OBJC_WEAK = YES;
				CLANG_WARN_BLOCK_CAPTURE_AUTORELEASING = YES;
				CLANG_WARN_BOOL_CONVERSION = YES;
				CLANG_WARN_COMMA = YES;
				CLANG_WARN_CONSTANT_CONVERSION = YES;
				CLANG_WARN_DEPRECATED_OBJC_IMPLEMENTATIONS = YES;
				CLANG_WARN_DIRECT_OBJC_ISA_USAGE = YES_ERROR;
				CLANG_WARN_DOCUMENTATION_COMMENTS = YES;
				CLANG_WARN_EMPTY_BODY = YES;
				CLANG_WARN_ENUM_CONVERSION = YES;
				CLANG_WARN_INFINITE_RECURSION = YES;
				CLANG_WARN_INT_CONVERSION = YES;
				CLANG_WARN_NON_LITERAL_NULL_CONVERSION = YES;
				CLANG_WARN_OBJC_IMPLICIT_RETAIN_SELF = YES;
				CLANG_WARN_OBJC_LITERAL_CONVERSION = YES;
				CLANG_WARN_OBJC_ROOT_CLASS = YES_ERROR;
				CLANG_WARN_QUOTED_INCLUDE_IN_FRAMEWORK_HEADER = YES;
				CLANG_WARN_RANGE_LOOP_ANALYSIS = YES;
				CLANG_WARN_STRICT_PROTOTYPES = YES;
				CLANG_WARN_SUSPICIOUS_MOVE = YES;
				CLANG_WARN_UNGUARDED_AVAILABILITY = YES_AGGRESSIVE;
				CLANG_WARN_UNREACHABLE_CODE = YES;
				CLANG_WARN__DUPLICATE_METHOD_MATCH = YES;
				COPY_PHASE_STRIP = NO;
				DEBUG_INFORMATION_FORMAT = dwarf;
				DEVELOPMENT_TEAM = 893CXP2LVF;
				ENABLE_STRICT_OBJC_MSGSEND = YES;
				ENABLE_TESTABILITY = YES;
				GCC_C_LANGUAGE_STANDARD = gnu11;
				GCC_DYNAMIC_NO_PIC = NO;
				GCC_NO_COMMON_BLOCKS = YES;
				GCC_OPTIMIZATION_LEVEL = 0;
				GCC_PREPROCESSOR_DEFINITIONS = (
					"$(inherited)",
					"DEBUG=1",
				);
				GCC_WARN_64_TO_32_BIT_CONVERSION = YES;
				GCC_WARN_ABOUT_RETURN_TYPE = YES_ERROR;
				GCC_WARN_UNDECLARED_SELECTOR = YES;
				GCC_WARN_UNINITIALIZED_AUTOS = YES_AGGRESSIVE;
				GCC_WARN_UNUSED_FUNCTION = YES;
				GCC_WARN_UNUSED_VARIABLE = YES;
				IPHONEOS_DEPLOYMENT_TARGET = 26.0;
				MTL_ENABLE_DEBUG_INFO = INCLUDE_SOURCE;
				MTL_FAST_MATH = YES;
				ONLY_ACTIVE_ARCH = YES;
				PRODUCT_NAME = "$(TARGET_NAME)";
				SDKROOT = iphoneos;
				SWIFT_ACTIVE_COMPILATION_CONDITIONS = DEBUG;
				SWIFT_OPTIMIZATION_LEVEL = "-Onone";
				SWIFT_VERSION = 5.0;
			};
			name = Debug;
		};
		A81D0795B958539C8E2E9E2D /* Debug */ = {
			isa = XCBuildConfiguration;
			buildSettings = {
				BUNDLE_LOADER = "$(TEST_HOST)";
				CODE_SIGN_STYLE = Automatic;
				GENERATE_INFOPLIST_FILE = YES;
				IPHONEOS_DEPLOYMENT_TARGET = 26.0;
				LD_RUNPATH_SEARCH_PATHS = (
					"$(inherited)",
					"@executable_path/Frameworks",
					"@loader_path/Frameworks",
				);
				PRODUCT_BUNDLE_IDENTIFIER = com.p1tan.atlas.uitests;
				SDKROOT = iphoneos;
				SWIFT_VERSION = 5.0;
				TARGETED_DEVICE_FAMILY = "1,2";
				TEST_TARGET_NAME = Atlas;
			};
			name = Debug;
		};
		BC8CE1DDF88EE83EE78C1B21 /* Release */ = {
			isa = XCBuildConfiguration;
			buildSettings = {
				CODE_SIGN_STYLE = Automatic;
				INFOPLIST_FILE = AtlasShareExtension/Info.plist;
				IPHONEOS_DEPLOYMENT_TARGET = 26.0;
				LD_RUNPATH_SEARCH_PATHS = (
					"$(inherited)",
					"@executable_path/Frameworks",
					"@executable_path/../../Frameworks",
				);
				PRODUCT_BUNDLE_IDENTIFIER = com.p1tan.atlas.share;
				SDKROOT = iphoneos;
				SKIP_INSTALL = YES;
				SWIFT_VERSION = 5.0;
				TARGETED_DEVICE_FAMILY = 1;
			};
			name = Release;
		};
		D373B46CD7E84CEC96E4F372 /* Debug */ = {
			isa = XCBuildConfiguration;
			buildSettings = {
				CODE_SIGN_STYLE = Automatic;
				INFOPLIST_FILE = AtlasShareExtension/Info.plist;
				IPHONEOS_DEPLOYMENT_TARGET = 26.0;
				LD_RUNPATH_SEARCH_PATHS = (
					"$(inherited)",
					"@executable_path/Frameworks",
					"@executable_path/../../Frameworks",
				);
				PRODUCT_BUNDLE_IDENTIFIER = com.p1tan.atlas.share;
				SDKROOT = iphoneos;
				SKIP_INSTALL = YES;
				SWIFT_VERSION = 5.0;
				TARGETED_DEVICE_FAMILY = 1;
			};
			name = Debug;
		};
/* End XCBuildConfiguration section */

/* Begin XCConfigurationList section */
		11F8FDF1CD2471C0537E991C /* Build configuration list for PBXNativeTarget "AtlasShareExtension" */ = {
			isa = XCConfigurationList;
			buildConfigurations = (
				D373B46CD7E84CEC96E4F372 /* Debug */,
				BC8CE1DDF88EE83EE78C1B21 /* Release */,
			);
			defaultConfigurationIsVisible = 0;
			defaultConfigurationName = Debug;
		};
		22181CD7CED82AE7DBD59B1A /* Build configuration list for PBXNativeTarget "Atlas" */ = {
			isa = XCConfigurationList;
			buildConfigurations = (
				804FE0C9BF065A009759B8FF /* Debug */,
				0357C3208ED930145396B664 /* Release */,
			);
			defaultConfigurationIsVisible = 0;
			defaultConfigurationName = Debug;
		};
		7EC0B782DE33925870958060 /* Build configuration list for PBXProject "Atlas" */ = {
			isa = XCConfigurationList;
			buildConfigurations = (
				8D21ED53AFB54A8F40E5E443 /* Debug */,
				6C075FD071D9C4DB3D554A55 /* Release */,
			);
			defaultConfigurationIsVisible = 0;
			defaultConfigurationName = Debug;
		};
		F38F27BF1E4BFCDD6227F3F5 /* Build configuration list for PBXNativeTarget "AtlasUITests" */ = {
			isa = XCConfigurationList;
			buildConfigurations = (
				A81D0795B958539C8E2E9E2D /* Debug */,
				2A2A02DDB13034AFD82A6C11 /* Release */,
			);
			defaultConfigurationIsVisible = 0;
			defaultConfigurationName = Debug;
		};
		F8377F7D537D8D809C19813B /* Build configuration list for PBXNativeTarget "AtlasWidget" */ = {
			isa = XCConfigurationList;
			buildConfigurations = (
				12D79E06C06310D0BA9243EE /* Debug */,
				6ED4A310DCC6E73BF7EFA6CC /* Release */,
			);
			defaultConfigurationIsVisible = 0;
			defaultConfigurationName = Debug;
		};
/* End XCConfigurationList section */

/* Begin XCRemoteSwiftPackageReference section */
		531E24809D83DC21127BCFCD /* XCRemoteSwiftPackageReference "client-sdk-swift" */ = {
			isa = XCRemoteSwiftPackageReference;
			repositoryURL = "https://github.com/livekit/client-sdk-swift.git";
			requirement = {
				kind = upToNextMajorVersion;
				minimumVersion = 2.16.0;
			};
		};
		683870896C03831D5F3D2B0E /* XCRemoteSwiftPackageReference "supabase-swift" */ = {
			isa = XCRemoteSwiftPackageReference;
			repositoryURL = "https://github.com/supabase/supabase-swift";
			requirement = {
				kind = upToNextMajorVersion;
				minimumVersion = 2.0.0;
			};
		};
/* End XCRemoteSwiftPackageReference section */

/* Begin XCSwiftPackageProductDependency section */
		5DAD7AC959363A673FBCE71F /* Supabase */ = {
			isa = XCSwiftPackageProductDependency;
			package = 683870896C03831D5F3D2B0E /* XCRemoteSwiftPackageReference "supabase-swift" */;
			productName = Supabase;
		};
		78F5A19C47D5D5A0EA3BE8E6 /* LiveKit */ = {
			isa = XCSwiftPackageProductDependency;
			package = 531E24809D83DC21127BCFCD /* XCRemoteSwiftPackageReference "client-sdk-swift" */;
			productName = LiveKit;
		};
/* End XCSwiftPackageProductDependency section */
	};
	rootObject = 43D55555CA7BCC7C87E44A39 /* Project object */;
}
